// !$*UTF8*$!
{
	archiveVersion = 1;
	classes = {
	};
	objectVersion = 46;
	objects = {

/* Begin PBXBuildFile section */
		43E347381EFC8B6F00E59DAE /* AppDelegate.swift in Sources */ = {isa = PBXBuildFile; fileRef = 43E347371EFC8B6F00E59DAE /* AppDelegate.swift */; };
		43E3473A1EFC8B6F00E59DAE /* ViewController.swift in Sources */ = {isa = PBXBuildFile; fileRef = 43E347391EFC8B6F00E59DAE /* ViewController.swift */; };
		43E3473D1EFC8B6F00E59DAE /* Main.storyboard in Resources */ = {isa = PBXBuildFile; fileRef = 43E3473B1EFC8B6F00E59DAE /* Main.storyboard */; };
		43E3473F1EFC8B6F00E59DAE /* Assets.xcassets in Resources */ = {isa = PBXBuildFile; fileRef = 43E3473E1EFC8B6F00E59DAE /* Assets.xcassets */; };
		43E347421EFC8B6F00E59DAE /* LaunchScreen.storyboard in Resources */ = {isa = PBXBuildFile; fileRef = 43E347401EFC8B6F00E59DAE /* LaunchScreen.storyboard */; };
		43E3474A1EFCBB1C00E59DAE /* Delegates.swift in Sources */ = {isa = PBXBuildFile; fileRef = 43E347491EFCBB1C00E59DAE /* Delegates.swift */; };
/* End PBXBuildFile section */

/* Begin PBXFileReference section */
		43E347341EFC8B6F00E59DAE /* meme_me.app */ = {isa = PBXFileReference; explicitFileType = wrapper.application; includeInIndex = 0; path = meme_me.app; sourceTree = BUILT_PRODUCTS_DIR; };
		43E347371EFC8B6F00E59DAE /* AppDelegate.swift */ = {isa = PBXFileReference; lastKnownFileType = sourcecode.swift; path = AppDelegate.swift; sourceTree = "<group>"; };
		43E347391EFC8B6F00E59DAE /* ViewController.swift */ = {isa = PBXFileReference; lastKnownFileType = sourcecode.swift; path = ViewController.swift; sourceTree = "<group>"; };
		43E3473C1EFC8B6F00E59DAE /* Base */ = {isa = PBXFileReference; lastKnownFileType = file.storyboard; name = Base; path = Base.lproj/Main.storyboard; sourceTree = "<group>"; };
		43E3473E1EFC8B6F00E59DAE /* Assets.xcassets */ = {isa = PBXFileReference; lastKnownFileType = folder.assetcatalog; path = Assets.xcassets; sourceTree = "<group>"; };
		43E347411EFC8B6F00E59DAE /* Base */ = {isa = PBXFileReference; lastKnownFileType = file.storyboard; name = Base; path = Base.lproj/LaunchScreen.storyboard; sourceTree = "<group>"; };
		43E347431EFC8B6F00E59DAE /* Info.plist */ = {isa = PBXFileReference; lastKnownFileType = text.plist.xml; path = Info.plist; sourceTree = "<group>"; };
		43E347491EFCBB1C00E59DAE /* Delegates.swift */ = {isa = PBXFileReference; fileEncoding = 4; lastKnownFileType = sourcecode.swift; path = Delegates.swift; sourceTree = "<group>"; };
/* End PBXFileReference section */

/* Begin PBXFrameworksBuildPhase section */
		43E347311EFC8B6F00E59DAE /* Frameworks */ = {
			isa = PBXFrameworksBuildPhase;
			buildActionMask = 2147483647;
			files = (
			);
			runOnlyForDeploymentPostprocessing = 0;
		};
/* End PBXFrameworksBuildPhase section */

/* Begin PBXGroup section */
		43E3472B1EFC8B6F00E59DAE = {
			isa = PBXGroup;
			children = (
				43E347361EFC8B6F00E59DAE /* meme_me_start */,
				43E347351EFC8B6F00E59DAE /* Products */,
			);
			sourceTree = "<group>";
		};
		43E347351EFC8B6F00E59DAE /* Products */ = {
			isa = PBXGroup;
			children = (
				43E347341EFC8B6F00E59DAE /* meme_me.app */,
			);
			name = Products;
			sourceTree = "<group>";
		};
		43E347361EFC8B6F00E59DAE /* meme_me_start */ = {
			isa = PBXGroup;
			children = (
				43E347371EFC8B6F00E59DAE /* AppDelegate.swift */,
				43E347391EFC8B6F00E59DAE /* ViewController.swift */,
				43E347491EFCBB1C00E59DAE /* Delegates.swift */,
				43E3473B1EFC8B6F00E59DAE /* Main.storyboard */,
				43E3473E1EFC8B6F00E59DAE /* Assets.xcassets */,
				43E347401EFC8B6F00E59DAE /* LaunchScreen.storyboard */,
				43E347431EFC8B6F00E59DAE /* Info.plist */,
			);
			path = meme_me_start;
			sourceTree = "<group>";
		};
/* End PBXGroup section */

/* Begin PBXNativeTarget section */
		43E347331EFC8B6F00E59DAE /* meme_me */ = {
			isa = PBXNativeTarget;
			buildConfigurationList = 43E347461EFC8B6F00E59DAE /* Build configuration list for PBXNativeTarget "meme_me" */;
			buildPhases = (
				43E347301EFC8B6F00E59DAE /* Sources */,
				43E347311EFC8B6F00E59DAE /* Frameworks */,
				43E347321EFC8B6F00E59DAE /* Resources */,
			);
			buildRules = (
			);
			dependencies = (
			);
			name = meme_me;
			productName = meme_me_start;
			productReference = 43E347341EFC8B6F00E59DAE /* meme_me.app */;
			productType = "com.apple.product-type.application";
		};
/* End PBXNativeTarget section */

/* Begin PBXProject section */
		43E3472C1EFC8B6F00E59DAE /* Project object */ = {
			isa = PBXProject;
			attributes = {
				LastSwiftUpdateCheck = 0830;
				LastUpgradeCheck = 0830;
				ORGANIZATIONNAME = "Mihir Thanekar";
				TargetAttributes = {
					43E347331EFC8B6F00E59DAE = {
						CreatedOnToolsVersion = 8.3.3;
						DevelopmentTeam = J82X3YWF6V;
						ProvisioningStyle = Automatic;
					};
				};
			};
			buildConfigurationList = 43E3472F1EFC8B6F00E59DAE /* Build configuration list for PBXProject "meme_me" */;
			compatibilityVersion = "Xcode 3.2";
			developmentRegion = English;
			hasScannedForEncodings = 0;
			knownRegions = (
				en,
				Base,
			);
			mainGroup = 43E3472B1EFC8B6F00E59DAE;
			productRefGroup = 43E347351EFC8B6F00E59DAE /* Products */;
			projectDirPath = "";
			projectRoot = "";
			targets = (
				43E347331EFC8B6F00E59DAE /* meme_me */,
			);
		};
/* End PBXProject section */

/* Begin PBXResourcesBuildPhase section */
		43E347321EFC8B6F00E59DAE /* Resources */ = {
			isa = PBXResourcesBuildPhase;
			buildActionMask = 2147483647;
			files = (
				43E347421EFC8B6F00E59DAE /* LaunchScreen.storyboard in Resources */,
				43E3473F1EFC8B6F00E59DAE /* Assets.xcassets in Resources */,
				43E3473D1EFC8B6F00E59DAE /* Main.storyboard in Resources */,
			);
			runOnlyForDeploymentPostprocessing = 0;
		};
/* End PBXResourcesBuildPhase section */

/* Begin PBXSourcesBuildPhase section */
		43E347301EFC8B6F00E59DAE /* Sources */ = {
			isa = PBXSourcesBuildPhase;
			buildActionMask = 2147483647;
			files = (
				43E3473A1EFC8B6F00E59DAE /* ViewController.swift in Sources */,
				43E3474A1EFCBB1C00E59DAE /* Delegates.swift in Sources */,
				43E347381EFC8B6F00E59DAE /* AppDelegate.swift in Sources */,
			);
			runOnlyForDeploymentPostprocessing = 0;
		};
/* End PBXSourcesBuildPhase section */

/* Begin PBXVariantGroup section */
		43E3473B1EFC8B6F00E59DAE /* Main.storyboard */ = {
			isa = PBXVariantGroup;
			children = (
				43E3473C1EFC8B6F00E59DAE /* Base */,
			);
			name = Main.storyboard;
			sourceTree = "<group>";
		};
		43E347401EFC8B6F00E59DAE /* LaunchScreen.storyboard */ = {
			isa = PBXVariantGroup;
			children = (
				43E347411EFC8B6F00E59DAE /* Base */,
			);
			name = LaunchScreen.storyboard;
			sourceTree = "<group>";
		};
/* End PBXVariantGroup section */

/* Begin XCBuildConfiguration section */
		43E347441EFC8B6F00E59DAE /* Debug */ = {
			isa = XCBuildConfiguration;
			buildSettings = {
				ALWAYS_SEARCH_USER_PATHS = NO;
				CLANG_ANALYZER_NONNULL = YES;
				CLANG_ANALYZER_NUMBER_OBJECT_CONVERSION = YES_AGGRESSIVE;
				CLANG_CXX_LANGUAGE_STANDARD = "gnu++0x";
				CLANG_CXX_LIBRARY = "libc++";
				CLANG_ENABLE_MODULES = YES;
				CLANG_ENABLE_OBJC_ARC = YES;
				CLANG_WARN_BOOL_CONVERSION = YES;
				CLANG_WARN_CONSTANT_CONVERSION = YES;
				CLANG_WARN_DIRECT_OBJC_ISA_USAGE = YES_ERROR;
				CLANG_WARN_DOCUMENTATION_COMMENTS = YES;
				CLANG_WARN_EMPTY_BODY = YES;
				CLANG_WARN_ENUM_CONVERSION = YES;
				CLANG_WARN_INFINITE_RECURSION = YES;
				CLANG_WARN_INT_CONVERSION = YES;
				CLANG_WARN_OBJC_ROOT_CLASS = YES_ERROR;
				CLANG_WARN_SUSPICIOUS_MOVE = YES;
				CLANG_WARN_UNREACHABLE_CODE = YES;
				CLANG_WARN__DUPLICATE_METHOD_MATCH = YES;
				"CODE_SIGN_IDENTITY[sdk=iphoneos*]" = "iPhone Developer";
				COPY_PHASE_STRIP = NO;
				DEBUG_INFORMATION_FORMAT = dwarf;
				ENABLE_STRICT_OBJC_MSGSEND = YES;
				ENABLE_TESTABILITY = YES;
				GCC_C_LANGUAGE_STANDARD = gnu99;
				GCC_DYNAMIC_NO_PIC = NO;
				GCC_NO_COMMON_BLOCKS = YES;
				GCC_OPTIMIZATION_LEVEL = 0;
				GCC_PREPROCESSOR_DEFINITIONS = (
					"DEBUG=1",
					"$(inherited)",
				);
				GCC_WARN_64_TO_32_BIT_CONVERSION = YES;
				GCC_WARN_ABOUT_RETURN_TYPE = YES_ERROR;
				GCC_WARN_UNDECLARED_SELECTOR = YES;
				GCC_WARN_UNINITIALIZED_AUTOS = YES_AGGRESSIVE;
				GCC_WARN_UNUSED_FUNCTION = YES;
				GCC_WARN_UNUSED_VARIABLE = YES;
				IPHONEOS_DEPLOYMENT_TARGET = 10.3;
				MTL_ENABLE_DEBUG_INFO = YES;
				ONLY_ACTIVE_ARCH = YES;
				SDKROOT = iphoneos;
				SWIFT_ACTIVE_COMPILATION_CONDITIONS = DEBUG;
				SWIFT_OPTIMIZATION_LEVEL = "-Onone";
				TARGETED_DEVICE_FAMILY = "1,2";
			};
			name = Debug;
		};
		43E347451EFC8B6F00E59DAE /* Release */ = {
			isa = XCBuildConfiguration;
			buildSettings = {
				ALWAYS_SEARCH_USER_PATHS = NO;
				CLANG_ANALYZER_NONNULL = YES;
				CLANG_ANALYZER_NUMBER_OBJECT_CONVERSION = YES_AGGRESSIVE;
				CLANG_CXX_LANGUAGE_STANDARD = "gnu++0x";
				CLANG_CXX_LIBRARY = "libc++";
				CLANG_ENABLE_MODULES = YES;
				CLANG_ENABLE_OBJC_ARC = YES;
				CLANG_WARN_BOOL_CONVERSION = YES;
				CLANG_WARN_CONSTANT_CONVERSION = YES;
				CLANG_WARN_DIRECT_OBJC_ISA_USAGE = YES_ERROR;
				CLANG_WARN_DOCUMENTATION_COMMENTS = YES;
				CLANG_WARN_EMPTY_BODY = YES;
				CLANG_WARN_ENUM_CONVERSION = YES;
				CLANG_WARN_INFINITE_RECURSION = YES;
				CLANG_WARN_INT_CONVERSION = YES;
				CLANG_WARN_OBJC_ROOT_CLASS = YES_ERROR;
				CLANG_WARN_SUSPICIOUS_MOVE = YES;
				CLANG_WARN_UNREACHABLE_CODE = YES;
				CLANG_WARN__DUPLICATE_METHOD_MATCH = YES;
				"CODE_SIGN_IDENTITY[sdk=iphoneos*]" = "iPhone Developer";
				COPY_PHASE_STRIP = NO;
				DEBUG_INFORMATION_FORMAT = "dwarf-with-dsym";
				ENABLE_NS_ASSERTIONS = NO;
				ENABLE_STRICT_OBJC_MSGSEND = YES;
				GCC_C_LANGUAGE_STANDARD = gnu99;
				GCC_NO_COMMON_BLOCKS = YES;
				GCC_WARN_64_TO_32_BIT_CONVERSION = YES;
				GCC_WARN_ABOUT_RETURN_TYPE = YES_ERROR;
				GCC_WARN_UNDECLARED_SELECTOR = YES;
				GCC_WARN_UNINITIALIZED_AUTOS = YES_AGGRESSIVE;
				GCC_WARN_UNUSED_FUNCTION = YES;
				GCC_WARN_UNUSED_VARIABLE = YES;
				IPHONEOS_DEPLOYMENT_TARGET = 10.3;
				MTL_ENABLE_DEBUG_INFO = NO;
				SDKROOT = iphoneos;
				SWIFT_OPTIMIZATION_LEVEL = "-Owholemodule";
				TARGETED_DEVICE_FAMILY = "1,2";
				VALIDATE_PRODUCT = YES;
			};
			name = Release;
		};
		43E347471EFC8B6F00E59DAE /* Debug */ = {
			isa = XCBuildConfiguration;
			buildSettings = {
				ASSETCATALOG_COMPILER_APPICON_NAME = AppIcon;
				DEVELOPMENT_TEAM = J82X3YWF6V;
				INFOPLIST_FILE = meme_me_start/Info.plist;
				LD_RUNPATH_SEARCH_PATHS = "$(inherited) @executable_path/Frameworks";
				PRODUCT_BUNDLE_IDENTIFIER = "me.mihirthanekar.meme-me";
				PRODUCT_NAME = "$(TARGET_NAME)";
				SWIFT_VERSION = 3.0;
			};
			name = Debug;
		};
		43E347481EFC8B6F00E59DAE /* Release */ = {
			isa = XCBuildConfiguration;
			buildSettings = {
				ASSETCATALOG_COMPILER_APPICON_NAME = AppIcon;
				DEVELOPMENT_TEAM = J82X3YWF6V;
				INFOPLIST_FILE = meme_me_start/Info.plist;
				LD_RUNPATH_SEARCH_PATHS = "$(inherited) @executable_path/Frameworks";
				PRODUCT_BUNDLE_IDENTIFIER = "me.mihirthanekar.meme-me";
				PRODUCT_NAME = "$(TARGET_NAME)";
				SWIFT_VERSION = 3.0;
			};
			name = Release;
		};
/* End XCBuildConfiguration section */

/* Begin XCConfigurationList section */
		43E3472F1EFC8B6F00E59DAE /* Build configuration list for PBXProject "meme_me" */ = {
			isa = XCConfigurationList;
			buildConfigurations = (
				43E347441EFC8B6F00E59DAE /* Debug */,
				43E347451EFC8B6F00E59DAE /* Release */,
			);
			defaultConfigurationIsVisible = 0;
			defaultConfigurationName = Release;
		};
		43E347461EFC8B6F00E59DAE /* Build configuration list for PBXNativeTarget "meme_me" */ = {
			isa = XCConfigurationList;
			buildConfigurations = (
				43E347471EFC8B6F00E59DAE /* Debug */,
				43E347481EFC8B6F00E59DAE /* Release */,
			);
			defaultConfigurationIsVisible = 0;
			defaultConfigurationName = Release;
		};
/* End XCConfigurationList section */
	};
	rootObject = 43E3472C1EFC8B6F00E59DAE /* Project object */;
}
